
Microsoft Visual Studio Solution File, Format Version 12.00
# Visual Studio 15
VisualStudioVersion = 15.0.26730.8
MinimumVisualStudioVersion = 10.0.40219.1
Project("{9A19103F-16F7-4668-BE54-9A1E7A4F7556}") = "BlueBit.PhoneDatesReminder", "BlueBit.PhoneDatesReminder\BlueBit.PhoneDatesReminder.csproj", "{863B2066-F072-4368-9F4F-FB69A565A0EC}"
EndProject
Project("{2150E333-8FDC-42A3-9474-1A3956D46DE8}") = "Solution Items", "Solution Items", "{0FFFC8CB-DCC6-405D-B0B8-29EF7052BF3D}"
	ProjectSection(SolutionItems) = preProject
		build.cmd = build.cmd
	EndProjectSection
EndProject
Global
	GlobalSection(SolutionConfigurationPlatforms) = preSolution
		Debug|Any CPU = Debug|Any CPU
		Release|Any CPU = Release|Any CPU
	EndGlobalSection
	GlobalSection(ProjectConfigurationPlatforms) = postSolution
		{863B2066-F072-4368-9F4F-FB69A565A0EC}.Debug|Any CPU.ActiveCfg = Debug|Any CPU
		{863B2066-F072-4368-9F4F-FB69A565A0EC}.Debug|Any CPU.Build.0 = Debug|Any CPU
		{863B2066-F072-4368-9F4F-FB69A565A0EC}.Release|Any CPU.ActiveCfg = Release|Any CPU
		{863B2066-F072-4368-9F4F-FB69A565A0EC}.Release|Any CPU.Build.0 = Release|Any CPU
	EndGlobalSection
	GlobalSection(SolutionProperties) = preSolution
		HideSolutionNode = FALSE
	EndGlobalSection
	GlobalSection(ExtensibilityGlobals) = postSolution
		SolutionGuid = {DB8DFD80-5735-49F8-A848-7BCC9C66DF40}
	EndGlobalSection
EndGlobal
